{
  "version": 4,
  "terraform_version": "0.14.0",
  "serial": 267,
  "lineage": "dca023a7-f4c1-5ba8-598f-2904638468d3",
  "outputs": {
    "alb_dns_name": {
      "value": "counter-alb-814694462.ap-southeast-1.elb.amazonaws.com",
      "type": "string"
    },
    "alb_sgid": {
      "value": "sg-08d6db2ab75669c01",
      "type": "string"
    },
    "amzn_ami_id": {
      "value": "ami-005835d578c62050d",
      "type": "string"
    },
    "asg_iam_profile_name": {
      "value": "demo-counter-s3-bucket-read-access",
      "type": "string"
    },
    "asg_id": {
      "value": "project-counter-asg",
      "type": "string"
    },
    "asg_sgid": {
      "value": "sg-034bf3ec75b855518",
      "type": "string"
    },
    "availability_zone_ids": {
      "value": [
        "apse1-az1",
        "apse1-az2",
        "apse1-az3"
      ],
      "type": [
        "list",
        "string"
      ]
    },
    "availability_zones": {
      "value": [
        "ap-southeast-1a",
        "ap-southeast-1b",
        "ap-southeast-1c"
      ],
      "type": [
        "list",
        "string"
      ]
    },
    "private_subnet_ids": {
      "value": [
        "subnet-022a906dd498f20c6",
        "subnet-0ca1a5ba16937d065",
        "subnet-022c8a6b6030d8997"
      ],
      "type": [
        "tuple",
        [
          "string",
          "string",
          "string"
        ]
      ]
    },
    "private_subnets_cidr": {
      "value": [
        "172.31.48.0/20",
        "172.31.64.0/20",
        "172.31.80.0/20"
      ],
      "type": [
        "list",
        "string"
      ]
    },
    "public_subnet_ids": {
      "value": [
        "subnet-0533deb43fac810c1",
        "subnet-0566c0b10d091f0da",
        "subnet-09900874f500230b2"
      ],
      "type": [
        "list",
        "string"
      ]
    },
    "public_subnets_cidr": {
      "value": [
        "172.31.0.0/20",
        "172.31.16.0/20",
        "172.31.32.0/20"
      ],
      "type": [
        "list",
        "string"
      ]
    },
    "s3_bucket_arn": {
      "value": "arn:aws:s3:::ap-southeast-1-demo-counter-s3-bucket",
      "type": "string"
    },
    "vpc_cidr": {
      "value": "172.31.0.0/16",
      "type": "string"
    },
    "vpc_id": {
      "value": "vpc-0f39324a20b50edf6",
      "type": "string"
    }
  },
  "resources": [
    {
      "mode": "data",
      "type": "aws_ami",
      "name": "amazon_linux",
      "provider": "provider[\"registry.terraform.io/hashicorp/aws\"]",
      "instances": [
        {
          "schema_version": 0,
          "attributes": {
            "architecture": "x86_64",
            "arn": "arn:aws:ec2:ap-southeast-1::image/ami-005835d578c62050d",
            "block_device_mappings": [
              {
                "device_name": "/dev/xvda",
                "ebs": {
                  "delete_on_termination": "true",
                  "encrypted": "false",
                  "iops": "0",
                  "snapshot_id": "snap-04b913aa8960165a9",
                  "throughput": "0",
                  "volume_size": "8",
                  "volume_type": "gp2"
                },
                "no_device": "",
                "virtual_name": ""
              }
            ],
            "boot_mode": "",
            "creation_date": "2022-12-16T02:08:10.000Z",
            "deprecation_time": "2024-12-16T02:08:10.000Z",
            "description": "Amazon Linux 2 Kernel 5.10 AMI 2.0.20221210.1 x86_64 HVM gp2",
            "ena_support": true,
            "executable_users": null,
            "filter": [
              {
                "name": "name",
                "values": [
                  "amzn2-ami-kernel-*-hvm-*-x86_64-gp2"
                ]
              }
            ],
            "hypervisor": "xen",
            "id": "ami-005835d578c62050d",
            "image_id": "ami-005835d578c62050d",
            "image_location": "amazon/amzn2-ami-kernel-5.10-hvm-2.0.20221210.1-x86_64-gp2",
            "image_owner_alias": "amazon",
            "image_type": "machine",
            "imds_support": "",
            "include_deprecated": false,
            "kernel_id": "",
            "most_recent": true,
            "name": "amzn2-ami-kernel-5.10-hvm-2.0.20221210.1-x86_64-gp2",
            "name_regex": null,
            "owner_id": "137112412989",
            "owners": [
              "amazon"
            ],
            "platform": "",
            "platform_details": "Linux/UNIX",
            "product_codes": [],
            "public": true,
            "ramdisk_id": "",
            "root_device_name": "/dev/xvda",
            "root_device_type": "ebs",
            "root_snapshot_id": "snap-04b913aa8960165a9",
            "sriov_net_support": "simple",
            "state": "available",
            "state_reason": {
              "code": "UNSET",
              "message": "UNSET"
            },
            "tags": {},
            "timeouts": null,
            "tpm_support": "",
            "usage_operation": "RunInstances",
            "virtualization_type": "hvm"
          },
          "sensitive_attributes": []
        }
      ]
    },
    {
      "mode": "data",
      "type": "aws_s3_bucket",
      "name": "s3_bucket",
      "provider": "provider[\"registry.terraform.io/hashicorp/aws\"]",
      "instances": [
        {
          "schema_version": 0,
          "attributes": {
            "arn": "arn:aws:s3:::ap-southeast-1-demo-counter-s3-bucket",
            "bucket": "ap-southeast-1-demo-counter-s3-bucket",
            "bucket_domain_name": "ap-southeast-1-demo-counter-s3-bucket.s3.amazonaws.com",
            "bucket_regional_domain_name": "ap-southeast-1-demo-counter-s3-bucket.s3.ap-southeast-1.amazonaws.com",
            "hosted_zone_id": "Z3O0J2DXBE1FTB",
            "id": "ap-southeast-1-demo-counter-s3-bucket",
            "region": "ap-southeast-1",
            "website_domain": null,
            "website_endpoint": null
          },
          "sensitive_attributes": []
        }
      ]
    },
    {
      "mode": "data",
      "type": "aws_subnet",
      "name": "public_subnets",
      "provider": "provider[\"registry.terraform.io/hashicorp/aws\"]",
      "instances": [
        {
          "index_key": "subnet-0533deb43fac810c1",
          "schema_version": 0,
          "attributes": {
            "arn": "arn:aws:ec2:ap-southeast-1:647005920903:subnet/subnet-0533deb43fac810c1",
            "assign_ipv6_address_on_creation": false,
            "availability_zone": "ap-southeast-1a",
            "availability_zone_id": "apse1-az2",
            "available_ip_address_count": 4091,
            "cidr_block": "172.31.32.0/20",
            "customer_owned_ipv4_pool": "",
            "default_for_az": true,
            "enable_dns64": false,
            "enable_resource_name_dns_a_record_on_launch": false,
            "enable_resource_name_dns_aaaa_record_on_launch": false,
            "filter": null,
            "id": "subnet-0533deb43fac810c1",
            "ipv6_cidr_block": "",
            "ipv6_cidr_block_association_id": "",
            "ipv6_native": false,
            "map_customer_owned_ip_on_launch": false,
            "map_public_ip_on_launch": true,
            "outpost_arn": "",
            "owner_id": "647005920903",
            "private_dns_hostname_type_on_launch": "ip-name",
            "state": "available",
            "tags": {},
            "timeouts": null,
            "vpc_id": "vpc-0f39324a20b50edf6"
          },
          "sensitive_attributes": []
        },
        {
          "index_key": "subnet-0566c0b10d091f0da",
          "schema_version": 0,
          "attributes": {
            "arn": "arn:aws:ec2:ap-southeast-1:647005920903:subnet/subnet-0566c0b10d091f0da",
            "assign_ipv6_address_on_creation": false,
            "availability_zone": "ap-southeast-1c",
            "availability_zone_id": "apse1-az3",
            "available_ip_address_count": 4091,
            "cidr_block": "172.31.0.0/20",
            "customer_owned_ipv4_pool": "",
            "default_for_az": true,
            "enable_dns64": false,
            "enable_resource_name_dns_a_record_on_launch": false,
            "enable_resource_name_dns_aaaa_record_on_launch": false,
            "filter": null,
            "id": "subnet-0566c0b10d091f0da",
            "ipv6_cidr_block": "",
            "ipv6_cidr_block_association_id": "",
            "ipv6_native": false,
            "map_customer_owned_ip_on_launch": false,
            "map_public_ip_on_launch": true,
            "outpost_arn": "",
            "owner_id": "647005920903",
            "private_dns_hostname_type_on_launch": "ip-name",
            "state": "available",
            "tags": {},
            "timeouts": null,
            "vpc_id": "vpc-0f39324a20b50edf6"
          },
          "sensitive_attributes": []
        },
        {
          "index_key": "subnet-09900874f500230b2",
          "schema_version": 0,
          "attributes": {
            "arn": "arn:aws:ec2:ap-southeast-1:647005920903:subnet/subnet-09900874f500230b2",
            "assign_ipv6_address_on_creation": false,
            "availability_zone": "ap-southeast-1b",
            "availability_zone_id": "apse1-az1",
            "available_ip_address_count": 4091,
            "cidr_block": "172.31.16.0/20",
            "customer_owned_ipv4_pool": "",
            "default_for_az": true,
            "enable_dns64": false,
            "enable_resource_name_dns_a_record_on_launch": false,
            "enable_resource_name_dns_aaaa_record_on_launch": false,
            "filter": null,
            "id": "subnet-09900874f500230b2",
            "ipv6_cidr_block": "",
            "ipv6_cidr_block_association_id": "",
            "ipv6_native": false,
            "map_customer_owned_ip_on_launch": false,
            "map_public_ip_on_launch": true,
            "outpost_arn": "",
            "owner_id": "647005920903",
            "private_dns_hostname_type_on_launch": "ip-name",
            "state": "available",
            "tags": {},
            "timeouts": null,
            "vpc_id": "vpc-0f39324a20b50edf6"
          },
          "sensitive_attributes": []
        }
      ]
    },
    {
      "mode": "data",
      "type": "aws_subnets",
      "name": "all_subnets",
      "provider": "provider[\"registry.terraform.io/hashicorp/aws\"]",
      "instances": [
        {
          "schema_version": 0,
          "attributes": {
            "filter": [
              {
                "name": "vpc-id",
                "values": [
                  "vpc-0f39324a20b50edf6"
                ]
              }
            ],
            "id": "ap-southeast-1",
            "ids": [
              "subnet-0566c0b10d091f0da",
              "subnet-09900874f500230b2",
              "subnet-0533deb43fac810c1"
            ],
            "tags": null,
            "timeouts": null
          },
          "sensitive_attributes": []
        }
      ]
    },
    {
      "mode": "data",
      "type": "aws_subnets",
      "name": "private_subnets",
      "provider": "provider[\"registry.terraform.io/hashicorp/aws\"]",
      "instances": [
        {
          "schema_version": 0,
          "attributes": {
            "filter": [
              {
                "name": "tag:Type",
                "values": [
                  "private"
                ]
              },
              {
                "name": "vpc-id",
                "values": [
                  "vpc-0f39324a20b50edf6"
                ]
              }
            ],
            "id": "ap-southeast-1",
            "ids": [],
            "tags": null,
            "timeouts": null
          },
          "sensitive_attributes": []
        }
      ]
    },
    {
      "mode": "data",
      "type": "aws_vpc",
      "name": "default",
      "provider": "provider[\"registry.terraform.io/hashicorp/aws\"]",
      "instances": [
        {
          "schema_version": 0,
          "attributes": {
            "arn": "arn:aws:ec2:ap-southeast-1:647005920903:vpc/vpc-0f39324a20b50edf6",
            "cidr_block": "172.31.0.0/16",
            "cidr_block_associations": [
              {
                "association_id": "vpc-cidr-assoc-02447c14c423b2769",
                "cidr_block": "172.31.0.0/16",
                "state": "associated"
              }
            ],
            "default": true,
            "dhcp_options_id": "dopt-0552e8e7e935b980b",
            "enable_dns_hostnames": true,
            "enable_dns_support": true,
            "enable_network_address_usage_metrics": false,
            "filter": null,
            "id": "vpc-0f39324a20b50edf6",
            "instance_tenancy": "default",
            "ipv6_association_id": "",
            "ipv6_cidr_block": "",
            "main_route_table_id": "rtb-0ae7b305ef91d511c",
            "owner_id": "647005920903",
            "state": null,
            "tags": {
              "Name": "default-vpc"
            },
            "timeouts": null
          },
          "sensitive_attributes": []
        }
      ]
    },
    {
      "module": "module.alb_1",
      "mode": "managed",
      "type": "aws_lb",
      "name": "alb",
      "provider": "provider[\"registry.terraform.io/hashicorp/aws\"]",
      "instances": [
        {
          "schema_version": 0,
          "attributes": {
            "access_logs": [
              {
                "bucket": "",
                "enabled": false,
                "prefix": ""
              }
            ],
            "arn": "arn:aws:elasticloadbalancing:ap-southeast-1:647005920903:loadbalancer/app/counter-alb/d9de01a1457ad614",
            "arn_suffix": "app/counter-alb/d9de01a1457ad614",
            "customer_owned_ipv4_pool": "",
            "desync_mitigation_mode": "defensive",
            "dns_name": "counter-alb-814694462.ap-southeast-1.elb.amazonaws.com",
            "drop_invalid_header_fields": false,
            "enable_cross_zone_load_balancing": true,
            "enable_deletion_protection": false,
            "enable_http2": true,
            "enable_waf_fail_open": false,
            "id": "arn:aws:elasticloadbalancing:ap-southeast-1:647005920903:loadbalancer/app/counter-alb/d9de01a1457ad614",
            "idle_timeout": 60,
            "internal": false,
            "ip_address_type": "ipv4",
            "load_balancer_type": "application",
            "name": "counter-alb",
            "name_prefix": null,
            "preserve_host_header": false,
            "security_groups": [
              "sg-08d6db2ab75669c01"
            ],
            "subnet_mapping": [
              {
                "allocation_id": "",
                "ipv6_address": "",
                "outpost_id": "",
                "private_ipv4_address": "",
                "subnet_id": "subnet-0533deb43fac810c1"
              },
              {
                "allocation_id": "",
                "ipv6_address": "",
                "outpost_id": "",
                "private_ipv4_address": "",
                "subnet_id": "subnet-0566c0b10d091f0da"
              },
              {
                "allocation_id": "",
                "ipv6_address": "",
                "outpost_id": "",
                "private_ipv4_address": "",
                "subnet_id": "subnet-09900874f500230b2"
              }
            ],
            "subnets": [
              "subnet-0533deb43fac810c1",
              "subnet-0566c0b10d091f0da",
              "subnet-09900874f500230b2"
            ],
            "tags": null,
            "tags_all": {},
            "timeouts": null,
            "vpc_id": "vpc-0f39324a20b50edf6",
            "zone_id": "Z1LMS91P8CMLE5"
          },
          "sensitive_attributes": [],
          "private": "eyJlMmJmYjczMC1lY2FhLTExZTYtOGY4OC0zNDM2M2JjN2M0YzAiOnsiY3JlYXRlIjo2MDAwMDAwMDAwMDAsImRlbGV0ZSI6NjAwMDAwMDAwMDAwLCJ1cGRhdGUiOjYwMDAwMDAwMDAwMH19",
          "dependencies": [
            "data.aws_subnets.all_subnets",
            "data.aws_subnets.private_subnets",
            "data.aws_vpc.default",
            "module.alb_sg.aws_security_group.sg"
          ]
        }
      ]
    },
    {
      "module": "module.alb_1",
      "mode": "managed",
      "type": "aws_lb_listener",
      "name": "http_listener",
      "provider": "provider[\"registry.terraform.io/hashicorp/aws\"]",
      "instances": [
        {
          "schema_version": 0,
          "attributes": {
            "alpn_policy": null,
            "arn": "arn:aws:elasticloadbalancing:ap-southeast-1:647005920903:listener/app/counter-alb/d9de01a1457ad614/b34df69ac1c9daf4",
            "certificate_arn": null,
            "default_action": [
              {
                "authenticate_cognito": [],
                "authenticate_oidc": [],
                "fixed_response": [],
                "forward": [],
                "order": 1,
                "redirect": [],
                "target_group_arn": "arn:aws:elasticloadbalancing:ap-southeast-1:647005920903:targetgroup/counter-http/564a011bfa5198b2",
                "type": "forward"
              }
            ],
            "id": "arn:aws:elasticloadbalancing:ap-southeast-1:647005920903:listener/app/counter-alb/d9de01a1457ad614/b34df69ac1c9daf4",
            "load_balancer_arn": "arn:aws:elasticloadbalancing:ap-southeast-1:647005920903:loadbalancer/app/counter-alb/d9de01a1457ad614",
            "port": 80,
            "protocol": "HTTP",
            "ssl_policy": "",
            "tags": null,
            "tags_all": {},
            "timeouts": null
          },
          "sensitive_attributes": [],
          "private": "eyJlMmJmYjczMC1lY2FhLTExZTYtOGY4OC0zNDM2M2JjN2M0YzAiOnsicmVhZCI6NjAwMDAwMDAwMDAwfX0=",
          "dependencies": [
            "data.aws_subnets.all_subnets",
            "data.aws_subnets.private_subnets",
            "data.aws_vpc.default",
            "module.alb_1.aws_lb.alb",
            "module.alb_1.aws_lb_target_group.http_tg",
            "module.alb_sg.aws_security_group.sg"
          ]
        }
      ]
    },
    {
      "module": "module.alb_1",
      "mode": "managed",
      "type": "aws_lb_target_group",
      "name": "http_tg",
      "provider": "provider[\"registry.terraform.io/hashicorp/aws\"]",
      "instances": [
        {
          "schema_version": 0,
          "attributes": {
            "arn": "arn:aws:elasticloadbalancing:ap-southeast-1:647005920903:targetgroup/counter-http/564a011bfa5198b2",
            "arn_suffix": "targetgroup/counter-http/564a011bfa5198b2",
            "connection_termination": false,
            "deregistration_delay": "300",
            "health_check": [
              {
                "enabled": true,
                "healthy_threshold": 5,
                "interval": 30,
                "matcher": "200",
                "path": "/",
                "port": "traffic-port",
                "protocol": "HTTP",
                "timeout": 5,
                "unhealthy_threshold": 2
              }
            ],
            "id": "arn:aws:elasticloadbalancing:ap-southeast-1:647005920903:targetgroup/counter-http/564a011bfa5198b2",
            "ip_address_type": "ipv4",
            "lambda_multi_value_headers_enabled": false,
            "load_balancing_algorithm_type": "round_robin",
            "name": "counter-http",
            "name_prefix": null,
            "port": 80,
            "preserve_client_ip": null,
            "protocol": "HTTP",
            "protocol_version": "HTTP1",
            "proxy_protocol_v2": false,
            "slow_start": 0,
            "stickiness": [
              {
                "cookie_duration": 86400,
                "cookie_name": "",
                "enabled": false,
                "type": "lb_cookie"
              }
            ],
            "tags": null,
            "tags_all": {},
            "target_failover": [
              {
                "on_deregistration": null,
                "on_unhealthy": null
              }
            ],
            "target_type": "instance",
            "vpc_id": "vpc-0f39324a20b50edf6"
          },
          "sensitive_attributes": [],
          "private": "bnVsbA==",
          "dependencies": [
            "data.aws_vpc.default"
          ]
        }
      ]
    },
    {
      "module": "module.alb_sg",
      "mode": "managed",
      "type": "aws_security_group",
      "name": "sg",
      "provider": "provider[\"registry.terraform.io/hashicorp/aws\"]",
      "instances": [
        {
          "schema_version": 1,
          "attributes": {
            "arn": "arn:aws:ec2:ap-southeast-1:647005920903:security-group/sg-08d6db2ab75669c01",
            "description": "Managed by Terraform",
            "egress": [],
            "id": "sg-08d6db2ab75669c01",
            "ingress": [],
            "name": "alb_sg",
            "name_prefix": "",
            "owner_id": "647005920903",
            "revoke_rules_on_delete": false,
            "tags": {
              "Name": "alb_sg"
            },
            "tags_all": {
              "Name": "alb_sg"
            },
            "timeouts": null,
            "vpc_id": "vpc-0f39324a20b50edf6"
          },
          "sensitive_attributes": [],
          "private": "eyJlMmJmYjczMC1lY2FhLTExZTYtOGY4OC0zNDM2M2JjN2M0YzAiOnsiY3JlYXRlIjo2MDAwMDAwMDAwMDAsImRlbGV0ZSI6OTAwMDAwMDAwMDAwfSwic2NoZW1hX3ZlcnNpb24iOiIxIn0=",
          "dependencies": [
            "data.aws_vpc.default"
          ]
        }
      ]
    },
    {
      "module": "module.alb_sg",
      "mode": "managed",
      "type": "aws_security_group_rule",
      "name": "cidr_rule",
      "provider": "provider[\"registry.terraform.io/hashicorp/aws\"]",
      "instances": [
        {
          "index_key": 0,
          "schema_version": 2,
          "attributes": {
            "cidr_blocks": [
              "0.0.0.0/0"
            ],
            "description": null,
            "from_port": 80,
            "id": "sgrule-591535201",
            "ipv6_cidr_blocks": null,
            "prefix_list_ids": null,
            "protocol": "tcp",
            "security_group_id": "sg-08d6db2ab75669c01",
            "security_group_rule_id": "sgr-0de30a8b2dfe5a4ee",
            "self": false,
            "source_security_group_id": null,
            "timeouts": null,
            "to_port": 80,
            "type": "ingress"
          },
          "sensitive_attributes": [],
          "private": "eyJlMmJmYjczMC1lY2FhLTExZTYtOGY4OC0zNDM2M2JjN2M0YzAiOnsiY3JlYXRlIjozMDAwMDAwMDAwMDB9LCJzY2hlbWFfdmVyc2lvbiI6IjIifQ==",
          "dependencies": [
            "data.aws_vpc.default",
            "module.alb_sg.aws_security_group.sg"
          ]
        },
        {
          "index_key": 1,
          "schema_version": 2,
          "attributes": {
            "cidr_blocks": [
              "0.0.0.0/0"
            ],
            "description": null,
            "from_port": -1,
            "id": "sgrule-3307802807",
            "ipv6_cidr_blocks": null,
            "prefix_list_ids": null,
            "protocol": "icmp",
            "security_group_id": "sg-08d6db2ab75669c01",
            "security_group_rule_id": "sgr-0db58a96032bf7d30",
            "self": false,
            "source_security_group_id": null,
            "timeouts": null,
            "to_port": -1,
            "type": "ingress"
          },
          "sensitive_attributes": [],
          "private": "eyJlMmJmYjczMC1lY2FhLTExZTYtOGY4OC0zNDM2M2JjN2M0YzAiOnsiY3JlYXRlIjozMDAwMDAwMDAwMDB9LCJzY2hlbWFfdmVyc2lvbiI6IjIifQ==",
          "dependencies": [
            "data.aws_vpc.default",
            "module.alb_sg.aws_security_group.sg"
          ]
        }
      ]
    },
    {
      "module": "module.alb_sg",
      "mode": "managed",
      "type": "aws_security_group_rule",
      "name": "egress_rule",
      "provider": "provider[\"registry.terraform.io/hashicorp/aws\"]",
      "instances": [
        {
          "schema_version": 2,
          "attributes": {
            "cidr_blocks": [
              "0.0.0.0/0"
            ],
            "description": null,
            "from_port": 0,
            "id": "sgrule-4238176493",
            "ipv6_cidr_blocks": null,
            "prefix_list_ids": null,
            "protocol": "-1",
            "security_group_id": "sg-08d6db2ab75669c01",
            "security_group_rule_id": "sgr-04f66d3b5410f2c43",
            "self": false,
            "source_security_group_id": null,
            "timeouts": null,
            "to_port": 0,
            "type": "egress"
          },
          "sensitive_attributes": [],
          "private": "eyJlMmJmYjczMC1lY2FhLTExZTYtOGY4OC0zNDM2M2JjN2M0YzAiOnsiY3JlYXRlIjozMDAwMDAwMDAwMDB9LCJzY2hlbWFfdmVyc2lvbiI6IjIifQ==",
          "dependencies": [
            "data.aws_vpc.default",
            "module.alb_sg.aws_security_group.sg"
          ]
        }
      ]
    },
    {
      "module": "module.asg_1",
      "mode": "managed",
      "type": "aws_autoscaling_attachment",
      "name": "asg_attachment",
      "provider": "provider[\"registry.terraform.io/hashicorp/aws\"]",
      "instances": [
        {
          "schema_version": 0,
          "attributes": {
            "alb_target_group_arn": null,
            "autoscaling_group_name": "project-counter-asg",
            "elb": null,
            "id": "project-counter-asg-20230111054625220700000004",
            "lb_target_group_arn": "arn:aws:elasticloadbalancing:ap-southeast-1:647005920903:targetgroup/counter-http/564a011bfa5198b2"
          },
          "sensitive_attributes": [],
          "private": "bnVsbA==",
          "dependencies": [
            "data.aws_ami.amazon_linux",
            "data.aws_s3_bucket.s3_bucket",
            "data.aws_subnet.public_subnets",
            "data.aws_subnets.all_subnets",
            "data.aws_subnets.private_subnets",
            "data.aws_vpc.default",
            "module.alb_1.aws_lb_target_group.http_tg",
            "module.asg_1.aws_autoscaling_group.asg",
            "module.asg_1.aws_launch_template.launch_template",
            "module.asg_sg.aws_security_group.sg",
            "module.iam_role_1.aws_iam_instance_profile.iam_profile",
            "module.iam_role_1.aws_iam_policy.s3_read_access",
            "module.iam_role_1.aws_iam_role.iam_role",
            "module.key_pair.aws_key_pair.key_pair",
            "module.natgw_1.aws_eip.eip",
            "module.natgw_1.aws_nat_gateway.nat_gateway",
            "module.natgw_1.aws_route.natgw_route",
            "module.private_subnet_resources.aws_route_table.private_route_table",
            "module.private_subnet_resources.aws_subnet.private_subnets"
          ]
        }
      ]
    },
    {
      "module": "module.asg_1",
      "mode": "managed",
      "type": "aws_autoscaling_group",
      "name": "asg",
      "provider": "provider[\"registry.terraform.io/hashicorp/aws\"]",
      "instances": [
        {
          "schema_version": 0,
          "attributes": {
            "arn": "arn:aws:autoscaling:ap-southeast-1:647005920903:autoScalingGroup:9a6ea5f3-eb34-4458-86e8-08c4a68b9f72:autoScalingGroupName/project-counter-asg",
            "availability_zones": [
              "ap-southeast-1a",
              "ap-southeast-1b",
              "ap-southeast-1c"
            ],
            "capacity_rebalance": false,
            "context": "",
            "default_cooldown": 300,
            "default_instance_warmup": 0,
            "desired_capacity": 1,
            "desired_capacity_type": "",
            "enabled_metrics": null,
            "force_delete": true,
            "force_delete_warm_pool": false,
            "health_check_grace_period": 300,
            "health_check_type": "EC2",
            "id": "project-counter-asg",
            "initial_lifecycle_hook": [],
            "instance_refresh": [],
            "launch_configuration": "",
            "launch_template": [
              {
                "id": "lt-0488db1c67c4cf154",
                "name": "project-counter-lt",
                "version": "$Latest"
              }
            ],
            "load_balancers": null,
            "max_instance_lifetime": 0,
            "max_size": 6,
            "metrics_granularity": "1Minute",
            "min_elb_capacity": null,
            "min_size": 1,
            "mixed_instances_policy": [],
            "name": "project-counter-asg",
            "name_prefix": "",
            "placement_group": "",
            "protect_from_scale_in": false,
            "service_linked_role_arn": "arn:aws:iam::647005920903:role/aws-service-role/autoscaling.amazonaws.com/AWSServiceRoleForAutoScaling",
            "suspended_processes": null,
            "tag": [],
            "tags": null,
            "target_group_arns": null,
            "termination_policies": null,
            "timeouts": null,
            "vpc_zone_identifier": [
              "subnet-022a906dd498f20c6",
              "subnet-022c8a6b6030d8997",
              "subnet-0ca1a5ba16937d065"
            ],
            "wait_for_capacity_timeout": "10m",
            "wait_for_elb_capacity": null,
            "warm_pool": []
          },
          "sensitive_attributes": [],
          "private": "eyJlMmJmYjczMC1lY2FhLTExZTYtOGY4OC0zNDM2M2JjN2M0YzAiOnsiZGVsZXRlIjo2MDAwMDAwMDAwMDAsInVwZGF0ZSI6NjAwMDAwMDAwMDAwfX0=",
          "dependencies": [
            "data.aws_ami.amazon_linux",
            "data.aws_s3_bucket.s3_bucket",
            "data.aws_subnet.public_subnets",
            "data.aws_subnets.all_subnets",
            "data.aws_subnets.private_subnets",
            "data.aws_vpc.default",
            "module.asg_1.aws_launch_template.launch_template",
            "module.asg_sg.aws_security_group.sg",
            "module.iam_role_1.aws_iam_instance_profile.iam_profile",
            "module.iam_role_1.aws_iam_policy.s3_read_access",
            "module.iam_role_1.aws_iam_role.iam_role",
            "module.key_pair.aws_key_pair.key_pair",
            "module.natgw_1.aws_eip.eip",
            "module.natgw_1.aws_nat_gateway.nat_gateway",
            "module.natgw_1.aws_route.natgw_route",
            "module.private_subnet_resources.aws_route_table.private_route_table",
            "module.private_subnet_resources.aws_subnet.private_subnets"
          ],
          "create_before_destroy": true
        }
      ]
    },
    {
      "module": "module.asg_1",
      "mode": "managed",
      "type": "aws_launch_template",
      "name": "launch_template",
      "provider": "provider[\"registry.terraform.io/hashicorp/aws\"]",
      "instances": [
        {
          "schema_version": 0,
          "attributes": {
            "arn": "arn:aws:ec2:ap-southeast-1:647005920903:launch-template/lt-0488db1c67c4cf154",
            "block_device_mappings": [],
            "capacity_reservation_specification": [],
            "cpu_options": [],
            "credit_specification": [],
            "default_version": 1,
            "description": "",
            "disable_api_stop": false,
            "disable_api_termination": false,
            "ebs_optimized": "",
            "elastic_gpu_specifications": [],
            "elastic_inference_accelerator": [],
            "enclave_options": [],
            "hibernation_options": [],
            "iam_instance_profile": [
              {
                "arn": "",
                "name": "demo-counter-s3-bucket-read-access"
              }
            ],
            "id": "lt-0488db1c67c4cf154",
            "image_id": "ami-005835d578c62050d",
            "instance_initiated_shutdown_behavior": "",
            "instance_market_options": [],
            "instance_requirements": [],
            "instance_type": "t2.micro",
            "kernel_id": "",
            "key_name": "ssh_key20230111054348285700000001",
            "latest_version": 1,
            "license_specification": [],
            "maintenance_options": [],
            "metadata_options": [],
            "monitoring": [],
            "name": "project-counter-lt",
            "name_prefix": "",
            "network_interfaces": [],
            "placement": [],
            "private_dns_name_options": [],
            "ram_disk_id": "",
            "security_group_names": null,
            "tag_specifications": [
              {
                "resource_type": "instance",
                "tags": {
                  "Name": "project-counter-lt"
                }
              }
            ],
            "tags": null,
            "tags_all": {},
            "update_default_version": true,
            "user_data": "IyEvYmluL2Jhc2gKCmVjaG8gIkV4ZWN1dGluZyBib290c3RyYXAgc2NyaXB0Li4iCgojIFZhcmlhYmxlcwpTM19CVUNLRVQ9J2FwLXNvdXRoZWFzdC0xLWRlbW8tY291bnRlci1zMy1idWNrZXQnClBST0pFQ1RfRElSPSdjb3VudGVyJwpXRUJfRElSPScvdmFyL2xpYi9uZ2lueC93d3cvaHRtbCcKCiMgVXBkYXRlIHRoZSBpbnN0YW5jZSB3aXRoIGxhdGVzdCBwYWNrYWdlcwpzdWRvIHl1bSB1cGRhdGUgLXkKCiMgSW5zdGFsbCB1dGlscwpzdWRvIHl1bSBpbnN0YWxsIGN1cmwgemlwIHVuemlwIC15CgojIEluc3RhbGwgYXdzIGNsaQpjZCAvdG1wCmN1cmwgImh0dHBzOi8vYXdzY2xpLmFtYXpvbmF3cy5jb20vYXdzY2xpLWV4ZS1saW51eC14ODZfNjQuemlwIiAtbyAiYXdzY2xpdjIuemlwIgp1bnppcCBhd3NjbGl2Mi56aXAKc3VkbyAuL2F3cy9pbnN0YWxsIC1pIC91c3IvbG9jYWwvYXdzLWNsaSAtYiAvdXNyL2xvY2FsL2Jpbgphd3MgLS12ZXJzaW9uCgojIEluc3RhbGwgbmdpbngKc3VkbyBhbWF6b24tbGludXgtZXh0cmFzIGVuYWJsZSBlcGVsCnN1ZG8geXVtIGluc3RhbGwgZXBlbC1yZWxlYXNlIC15CnN1ZG8geXVtIGluc3RhbGwgbmdpbnggLXkKCiMgRG93bmxvYWQgbmdpbnggY29uZiBhbmQgcHJvamVjdCBjb250ZW50CnN1ZG8gbWtkaXIgLXAgJHtXRUJfRElSfQpzdWRvIGF3cyBzMyBjcCBzMzovLyR7UzNfQlVDS0VUfS9wcm9qZWN0cy8ke1BST0pFQ1RfRElSfS9pbmRleC5odG1sICR7V0VCX0RJUn0Kc3VkbyBhd3MgczMgY3AgczM6Ly8ke1MzX0JVQ0tFVH0vcHJvamVjdHMvJHtQUk9KRUNUX0RJUn0vZGVmYXVsdC5jb25mIC9ldGMvbmdpbngvY29uZi5kCgpzdWRvIGNobW9kIDc1NSAke1dFQl9ESVJ9CnN1ZG8gY2htb2QgNjQ0ICR7V0VCX0RJUn0vKgoKIyBFbmFibGUgYW5kIHJlbG9hZCBuZ2lueApzdWRvIHN5c3RlbWN0bCBlbmFibGUgbmdpbnggJiYgc3VkbyBzeXN0ZW1jdGwgc3RhcnQgbmdpbngKCiMgVmFsaWRhdGUgbmdpbnggc2VydmljZQpjdXJsIGh0dHBzOi8vbG9jYWxob3N0CgojIEV4aXQKZXhpdCAwCg==",
            "vpc_security_group_ids": [
              "sg-034bf3ec75b855518"
            ]
          },
          "sensitive_attributes": [],
          "private": "bnVsbA==",
          "dependencies": [
            "data.aws_ami.amazon_linux",
            "data.aws_s3_bucket.s3_bucket",
            "data.aws_vpc.default",
            "module.asg_sg.aws_security_group.sg",
            "module.iam_role_1.aws_iam_instance_profile.iam_profile",
            "module.iam_role_1.aws_iam_policy.s3_read_access",
            "module.iam_role_1.aws_iam_role.iam_role",
            "module.key_pair.aws_key_pair.key_pair"
          ],
          "create_before_destroy": true
        }
      ]
    },
    {
      "module": "module.asg_sg",
      "mode": "managed",
      "type": "aws_security_group",
      "name": "sg",
      "provider": "provider[\"registry.terraform.io/hashicorp/aws\"]",
      "instances": [
        {
          "schema_version": 1,
          "attributes": {
            "arn": "arn:aws:ec2:ap-southeast-1:647005920903:security-group/sg-034bf3ec75b855518",
            "description": "Managed by Terraform",
            "egress": [],
            "id": "sg-034bf3ec75b855518",
            "ingress": [],
            "name": "asg_sg",
            "name_prefix": "",
            "owner_id": "647005920903",
            "revoke_rules_on_delete": false,
            "tags": {
              "Name": "asg_sg"
            },
            "tags_all": {
              "Name": "asg_sg"
            },
            "timeouts": null,
            "vpc_id": "vpc-0f39324a20b50edf6"
          },
          "sensitive_attributes": [],
          "private": "eyJlMmJmYjczMC1lY2FhLTExZTYtOGY4OC0zNDM2M2JjN2M0YzAiOnsiY3JlYXRlIjo2MDAwMDAwMDAwMDAsImRlbGV0ZSI6OTAwMDAwMDAwMDAwfSwic2NoZW1hX3ZlcnNpb24iOiIxIn0=",
          "dependencies": [
            "data.aws_vpc.default"
          ],
          "create_before_destroy": true
        }
      ]
    },
    {
      "module": "module.asg_sg",
      "mode": "managed",
      "type": "aws_security_group_rule",
      "name": "egress_rule",
      "provider": "provider[\"registry.terraform.io/hashicorp/aws\"]",
      "instances": [
        {
          "schema_version": 2,
          "attributes": {
            "cidr_blocks": [
              "0.0.0.0/0"
            ],
            "description": null,
            "from_port": 0,
            "id": "sgrule-2815529497",
            "ipv6_cidr_blocks": null,
            "prefix_list_ids": null,
            "protocol": "-1",
            "security_group_id": "sg-034bf3ec75b855518",
            "security_group_rule_id": "sgr-04b33222a1f7ff789",
            "self": false,
            "source_security_group_id": null,
            "timeouts": null,
            "to_port": 0,
            "type": "egress"
          },
          "sensitive_attributes": [],
          "private": "eyJlMmJmYjczMC1lY2FhLTExZTYtOGY4OC0zNDM2M2JjN2M0YzAiOnsiY3JlYXRlIjozMDAwMDAwMDAwMDB9LCJzY2hlbWFfdmVyc2lvbiI6IjIifQ==",
          "dependencies": [
            "data.aws_vpc.default",
            "module.asg_sg.aws_security_group.sg"
          ]
        }
      ]
    },
    {
      "module": "module.asg_sg",
      "mode": "managed",
      "type": "aws_security_group_rule",
      "name": "sg_rule",
      "provider": "provider[\"registry.terraform.io/hashicorp/aws\"]",
      "instances": [
        {
          "index_key": 0,
          "schema_version": 2,
          "attributes": {
            "cidr_blocks": null,
            "description": null,
            "from_port": 80,
            "id": "sgrule-3980684017",
            "ipv6_cidr_blocks": null,
            "prefix_list_ids": null,
            "protocol": "tcp",
            "security_group_id": "sg-034bf3ec75b855518",
            "security_group_rule_id": "sgr-0fd0cd5fa4037afcd",
            "self": false,
            "source_security_group_id": "sg-08d6db2ab75669c01",
            "timeouts": null,
            "to_port": 80,
            "type": "ingress"
          },
          "sensitive_attributes": [],
          "private": "eyJlMmJmYjczMC1lY2FhLTExZTYtOGY4OC0zNDM2M2JjN2M0YzAiOnsiY3JlYXRlIjozMDAwMDAwMDAwMDB9LCJzY2hlbWFfdmVyc2lvbiI6IjIifQ==",
          "dependencies": [
            "data.aws_vpc.default",
            "module.alb_sg.aws_security_group.sg",
            "module.asg_sg.aws_security_group.sg"
          ]
        }
      ]
    },
    {
      "module": "module.iam_role_1",
      "mode": "managed",
      "type": "aws_iam_instance_profile",
      "name": "iam_profile",
      "provider": "provider[\"registry.terraform.io/hashicorp/aws\"]",
      "instances": [
        {
          "schema_version": 0,
          "attributes": {
            "arn": "arn:aws:iam::647005920903:instance-profile/demo-counter-s3-bucket-read-access",
            "create_date": "2023-01-11T05:43:51Z",
            "id": "demo-counter-s3-bucket-read-access",
            "name": "demo-counter-s3-bucket-read-access",
            "name_prefix": null,
            "path": "/",
            "role": "demo-counter-s3-bucket-read-access",
            "tags": null,
            "tags_all": {},
            "unique_id": "AIPAZNJEO32DZMHSNMJC4"
          },
          "sensitive_attributes": [],
          "private": "bnVsbA==",
          "dependencies": [
            "data.aws_s3_bucket.s3_bucket",
            "module.iam_role_1.aws_iam_policy.s3_read_access",
            "module.iam_role_1.aws_iam_role.iam_role"
          ],
          "create_before_destroy": true
        }
      ]
    },
    {
      "module": "module.iam_role_1",
      "mode": "managed",
      "type": "aws_iam_policy",
      "name": "s3_read_access",
      "provider": "provider[\"registry.terraform.io/hashicorp/aws\"]",
      "instances": [
        {
          "schema_version": 0,
          "attributes": {
            "arn": "arn:aws:iam::647005920903:policy/s3_read_access",
            "description": "",
            "id": "arn:aws:iam::647005920903:policy/s3_read_access",
            "name": "s3_read_access",
            "name_prefix": null,
            "path": "/",
            "policy": "{\"Statement\":[{\"Action\":[\"s3:GetObject\",\"s3:ListBucket\"],\"Effect\":\"Allow\",\"Resource\":[\"arn:aws:s3:::ap-southeast-1-demo-counter-s3-bucket\",\"arn:aws:s3:::ap-southeast-1-demo-counter-s3-bucket/*\"]}],\"Version\":\"2012-10-17\"}",
            "policy_id": "ANPAZNJEO32DWG3KHEX3B",
            "tags": null,
            "tags_all": {}
          },
          "sensitive_attributes": [],
          "private": "bnVsbA==",
          "dependencies": [
            "data.aws_s3_bucket.s3_bucket"
          ],
          "create_before_destroy": true
        }
      ]
    },
    {
      "module": "module.iam_role_1",
      "mode": "managed",
      "type": "aws_iam_role",
      "name": "iam_role",
      "provider": "provider[\"registry.terraform.io/hashicorp/aws\"]",
      "instances": [
        {
          "schema_version": 0,
          "attributes": {
            "arn": "arn:aws:iam::647005920903:role/demo-counter-s3-bucket-read-access",
            "assume_role_policy": "{\"Statement\":[{\"Action\":\"sts:AssumeRole\",\"Effect\":\"Allow\",\"Principal\":{\"Service\":\"ec2.amazonaws.com\"},\"Sid\":\"\"}],\"Version\":\"2012-10-17\"}",
            "create_date": "2023-01-11T05:43:50Z",
            "description": "",
            "force_detach_policies": false,
            "id": "demo-counter-s3-bucket-read-access",
            "inline_policy": [],
            "managed_policy_arns": [
              "arn:aws:iam::647005920903:policy/s3_read_access"
            ],
            "max_session_duration": 3600,
            "name": "demo-counter-s3-bucket-read-access",
            "name_prefix": "",
            "path": "/",
            "permissions_boundary": null,
            "tags": null,
            "tags_all": {},
            "unique_id": "AROAZNJEO32DVUZVPBERC"
          },
          "sensitive_attributes": [],
          "private": "bnVsbA==",
          "dependencies": [
            "data.aws_s3_bucket.s3_bucket",
            "module.iam_role_1.aws_iam_policy.s3_read_access"
          ],
          "create_before_destroy": true
        }
      ]
    },
    {
      "module": "module.key_pair",
      "mode": "managed",
      "type": "aws_key_pair",
      "name": "key_pair",
      "provider": "provider[\"registry.terraform.io/hashicorp/aws\"]",
      "instances": [
        {
          "schema_version": 1,
          "attributes": {
            "arn": "arn:aws:ec2:ap-southeast-1:647005920903:key-pair/ssh_key20230111054348285700000001",
            "fingerprint": "3b:33:7b:74:c1:09:da:f3:6c:ae:61:a5:75:61:03:59",
            "id": "ssh_key20230111054348285700000001",
            "key_name": "ssh_key20230111054348285700000001",
            "key_name_prefix": "ssh_key",
            "key_pair_id": "key-06a57f503e0deb3a7",
            "key_type": "rsa",
            "public_key": "ssh-rsa AAAAB3NzaC1yc2EAAAADAQABAAABAQDHyT8ck835lTVM2Ig9yPyuXVs200pyiERUKC0uYIUcMZqZvdSDFR+ISbFkndWpuGsxCiUoCRfMhIyLt42cXUDPBOkzgyigm/BuBwlxDJJdLvikgT72PNPZUa3wNmVdPjSdEBKmCTHHzz7qM1zq6AbLTP8K+zFPoSHk4LzXyGc+F9OUfBDJ1qSYcxeEgmUJjktboTyj7BJotiDCe6eJgxkpc+l66pXqVjcC6l5h9zswLmDmH/XMuZz7X8wkHnvHg8ZUw0B25Jh3wT3wuSlkIXQ9fPQdaw6lt6hS5/anXgoJ/KU4NgWBaZjTZuWb4PCIQ+U3cVFZDOl4wJ3bD8I953SZ cambium@cnmaestro-devops",
            "tags": null,
            "tags_all": {}
          },
          "sensitive_attributes": [],
          "private": "eyJzY2hlbWFfdmVyc2lvbiI6IjEifQ==",
          "create_before_destroy": true
        }
      ]
    },
    {
      "module": "module.natgw_1",
      "mode": "managed",
      "type": "aws_eip",
      "name": "eip",
      "provider": "provider[\"registry.terraform.io/hashicorp/aws\"]",
      "instances": [
        {
          "schema_version": 0,
          "attributes": {
            "address": null,
            "allocation_id": "eipalloc-04cc636000d3f8657",
            "associate_with_private_ip": null,
            "association_id": "",
            "carrier_ip": "",
            "customer_owned_ip": "",
            "customer_owned_ipv4_pool": "",
            "domain": "vpc",
            "id": "eipalloc-04cc636000d3f8657",
            "instance": "",
            "network_border_group": "ap-southeast-1",
            "network_interface": "",
            "private_dns": null,
            "private_ip": "",
            "public_dns": "ec2-46-137-238-224.ap-southeast-1.compute.amazonaws.com",
            "public_ip": "46.137.238.224",
            "public_ipv4_pool": "amazon",
            "tags": null,
            "tags_all": {},
            "timeouts": null,
            "vpc": true
          },
          "sensitive_attributes": [],
          "private": "eyJlMmJmYjczMC1lY2FhLTExZTYtOGY4OC0zNDM2M2JjN2M0YzAiOnsiZGVsZXRlIjoxODAwMDAwMDAwMDAsInJlYWQiOjkwMDAwMDAwMDAwMCwidXBkYXRlIjozMDAwMDAwMDAwMDB9fQ==",
          "create_before_destroy": true
        }
      ]
    },
    {
      "module": "module.natgw_1",
      "mode": "managed",
      "type": "aws_nat_gateway",
      "name": "nat_gateway",
      "provider": "provider[\"registry.terraform.io/hashicorp/aws\"]",
      "instances": [
        {
          "schema_version": 0,
          "attributes": {
            "allocation_id": "eipalloc-04cc636000d3f8657",
            "connectivity_type": "public",
            "id": "nat-0a272665430cff9e4",
            "network_interface_id": "eni-0ed990083ad0c9d70",
            "private_ip": "172.31.33.38",
            "public_ip": "46.137.238.224",
            "subnet_id": "subnet-0533deb43fac810c1",
            "tags": null,
            "tags_all": {}
          },
          "sensitive_attributes": [],
          "private": "bnVsbA==",
          "dependencies": [
            "data.aws_subnets.all_subnets",
            "data.aws_subnets.private_subnets",
            "data.aws_vpc.default",
            "module.natgw_1.aws_eip.eip",
            "module.private_subnet_resources.aws_route_table.private_route_table"
          ],
          "create_before_destroy": true
        }
      ]
    },
    {
      "module": "module.natgw_1",
      "mode": "managed",
      "type": "aws_route",
      "name": "natgw_route",
      "provider": "provider[\"registry.terraform.io/hashicorp/aws\"]",
      "instances": [
        {
          "schema_version": 0,
          "attributes": {
            "carrier_gateway_id": "",
            "core_network_arn": "",
            "destination_cidr_block": "0.0.0.0/0",
            "destination_ipv6_cidr_block": "",
            "destination_prefix_list_id": "",
            "egress_only_gateway_id": "",
            "gateway_id": "",
            "id": "r-rtb-01b179fe784ed7e351080289494",
            "instance_id": "",
            "instance_owner_id": "",
            "local_gateway_id": "",
            "nat_gateway_id": "nat-0a272665430cff9e4",
            "network_interface_id": "",
            "origin": "CreateRoute",
            "route_table_id": "rtb-01b179fe784ed7e35",
            "state": "active",
            "timeouts": null,
            "transit_gateway_id": "",
            "vpc_endpoint_id": "",
            "vpc_peering_connection_id": ""
          },
          "sensitive_attributes": [],
          "private": "eyJlMmJmYjczMC1lY2FhLTExZTYtOGY4OC0zNDM2M2JjN2M0YzAiOnsiY3JlYXRlIjozMDAwMDAwMDAwMDAsImRlbGV0ZSI6MzAwMDAwMDAwMDAwLCJ1cGRhdGUiOjEyMDAwMDAwMDAwMH19",
          "dependencies": [
            "data.aws_subnets.all_subnets",
            "data.aws_subnets.private_subnets",
            "data.aws_vpc.default",
            "module.natgw_1.aws_eip.eip",
            "module.natgw_1.aws_nat_gateway.nat_gateway",
            "module.private_subnet_resources.aws_route_table.private_route_table"
          ],
          "create_before_destroy": true
        }
      ]
    },
    {
      "module": "module.private_subnet_resources",
      "mode": "managed",
      "type": "aws_route_table",
      "name": "private_route_table",
      "provider": "provider[\"registry.terraform.io/hashicorp/aws\"]",
      "instances": [
        {
          "schema_version": 0,
          "attributes": {
            "arn": "arn:aws:ec2:ap-southeast-1:647005920903:route-table/rtb-01b179fe784ed7e35",
            "id": "rtb-01b179fe784ed7e35",
            "owner_id": "647005920903",
            "propagating_vgws": [],
            "route": [],
            "tags": {
              "Name": "private_route_table"
            },
            "tags_all": {
              "Name": "private_route_table"
            },
            "timeouts": null,
            "vpc_id": "vpc-0f39324a20b50edf6"
          },
          "sensitive_attributes": [],
          "private": "eyJlMmJmYjczMC1lY2FhLTExZTYtOGY4OC0zNDM2M2JjN2M0YzAiOnsiY3JlYXRlIjozMDAwMDAwMDAwMDAsImRlbGV0ZSI6MzAwMDAwMDAwMDAwLCJ1cGRhdGUiOjEyMDAwMDAwMDAwMH19",
          "dependencies": [
            "data.aws_vpc.default"
          ],
          "create_before_destroy": true
        }
      ]
    },
    {
      "module": "module.private_subnet_resources",
      "mode": "managed",
      "type": "aws_route_table_association",
      "name": "private",
      "provider": "provider[\"registry.terraform.io/hashicorp/aws\"]",
      "instances": [
        {
          "index_key": 0,
          "schema_version": 0,
          "attributes": {
            "gateway_id": "",
            "id": "rtbassoc-03371ed143f54a628",
            "route_table_id": "rtb-01b179fe784ed7e35",
            "subnet_id": "subnet-022a906dd498f20c6"
          },
          "sensitive_attributes": [],
          "private": "bnVsbA==",
          "dependencies": [
            "data.aws_subnet.public_subnets",
            "data.aws_subnets.all_subnets",
            "data.aws_subnets.private_subnets",
            "data.aws_vpc.default",
            "module.private_subnet_resources.aws_route_table.private_route_table",
            "module.private_subnet_resources.aws_subnet.private_subnets"
          ]
        },
        {
          "index_key": 1,
          "schema_version": 0,
          "attributes": {
            "gateway_id": "",
            "id": "rtbassoc-0113218bcdb96aca7",
            "route_table_id": "rtb-01b179fe784ed7e35",
            "subnet_id": "subnet-0ca1a5ba16937d065"
          },
          "sensitive_attributes": [],
          "private": "bnVsbA==",
          "dependencies": [
            "data.aws_subnet.public_subnets",
            "data.aws_subnets.all_subnets",
            "data.aws_subnets.private_subnets",
            "data.aws_vpc.default",
            "module.private_subnet_resources.aws_route_table.private_route_table",
            "module.private_subnet_resources.aws_subnet.private_subnets"
          ]
        },
        {
          "index_key": 2,
          "schema_version": 0,
          "attributes": {
            "gateway_id": "",
            "id": "rtbassoc-09018f996a8b2b7a9",
            "route_table_id": "rtb-01b179fe784ed7e35",
            "subnet_id": "subnet-022c8a6b6030d8997"
          },
          "sensitive_attributes": [],
          "private": "bnVsbA==",
          "dependencies": [
            "data.aws_subnet.public_subnets",
            "data.aws_subnets.all_subnets",
            "data.aws_subnets.private_subnets",
            "data.aws_vpc.default",
            "module.private_subnet_resources.aws_route_table.private_route_table",
            "module.private_subnet_resources.aws_subnet.private_subnets"
          ]
        }
      ]
    },
    {
      "module": "module.private_subnet_resources",
      "mode": "managed",
      "type": "aws_subnet",
      "name": "private_subnets",
      "provider": "provider[\"registry.terraform.io/hashicorp/aws\"]",
      "instances": [
        {
          "index_key": 0,
          "schema_version": 1,
          "attributes": {
            "arn": "arn:aws:ec2:ap-southeast-1:647005920903:subnet/subnet-022a906dd498f20c6",
            "assign_ipv6_address_on_creation": false,
            "availability_zone": "ap-southeast-1a",
            "availability_zone_id": "apse1-az2",
            "cidr_block": "172.31.48.0/20",
            "customer_owned_ipv4_pool": "",
            "enable_dns64": false,
            "enable_resource_name_dns_a_record_on_launch": false,
            "enable_resource_name_dns_aaaa_record_on_launch": false,
            "id": "subnet-022a906dd498f20c6",
            "ipv6_cidr_block": "",
            "ipv6_cidr_block_association_id": "",
            "ipv6_native": false,
            "map_customer_owned_ip_on_launch": false,
            "map_public_ip_on_launch": false,
            "outpost_arn": "",
            "owner_id": "647005920903",
            "private_dns_hostname_type_on_launch": "ip-name",
            "tags": {
              "Name": "ap-southeast-1a-private-subnet",
              "Type": "private"
            },
            "tags_all": {
              "Name": "ap-southeast-1a-private-subnet",
              "Type": "private"
            },
            "timeouts": null,
            "vpc_id": "vpc-0f39324a20b50edf6"
          },
          "sensitive_attributes": [],
          "private": "eyJlMmJmYjczMC1lY2FhLTExZTYtOGY4OC0zNDM2M2JjN2M0YzAiOnsiY3JlYXRlIjo2MDAwMDAwMDAwMDAsImRlbGV0ZSI6MTIwMDAwMDAwMDAwMH0sInNjaGVtYV92ZXJzaW9uIjoiMSJ9",
          "dependencies": [
            "data.aws_subnet.public_subnets",
            "data.aws_subnets.all_subnets",
            "data.aws_subnets.private_subnets",
            "data.aws_vpc.default"
          ],
          "create_before_destroy": true
        },
        {
          "index_key": 1,
          "schema_version": 1,
          "attributes": {
            "arn": "arn:aws:ec2:ap-southeast-1:647005920903:subnet/subnet-0ca1a5ba16937d065",
            "assign_ipv6_address_on_creation": false,
            "availability_zone": "ap-southeast-1b",
            "availability_zone_id": "apse1-az1",
            "cidr_block": "172.31.64.0/20",
            "customer_owned_ipv4_pool": "",
            "enable_dns64": false,
            "enable_resource_name_dns_a_record_on_launch": false,
            "enable_resource_name_dns_aaaa_record_on_launch": false,
            "id": "subnet-0ca1a5ba16937d065",
            "ipv6_cidr_block": "",
            "ipv6_cidr_block_association_id": "",
            "ipv6_native": false,
            "map_customer_owned_ip_on_launch": false,
            "map_public_ip_on_launch": false,
            "outpost_arn": "",
            "owner_id": "647005920903",
            "private_dns_hostname_type_on_launch": "ip-name",
            "tags": {
              "Name": "ap-southeast-1b-private-subnet",
              "Type": "private"
            },
            "tags_all": {
              "Name": "ap-southeast-1b-private-subnet",
              "Type": "private"
            },
            "timeouts": null,
            "vpc_id": "vpc-0f39324a20b50edf6"
          },
          "sensitive_attributes": [],
          "private": "eyJlMmJmYjczMC1lY2FhLTExZTYtOGY4OC0zNDM2M2JjN2M0YzAiOnsiY3JlYXRlIjo2MDAwMDAwMDAwMDAsImRlbGV0ZSI6MTIwMDAwMDAwMDAwMH0sInNjaGVtYV92ZXJzaW9uIjoiMSJ9",
          "dependencies": [
            "data.aws_subnet.public_subnets",
            "data.aws_subnets.all_subnets",
            "data.aws_subnets.private_subnets",
            "data.aws_vpc.default"
          ],
          "create_before_destroy": true
        },
        {
          "index_key": 2,
          "schema_version": 1,
          "attributes": {
            "arn": "arn:aws:ec2:ap-southeast-1:647005920903:subnet/subnet-022c8a6b6030d8997",
            "assign_ipv6_address_on_creation": false,
            "availability_zone": "ap-southeast-1c",
            "availability_zone_id": "apse1-az3",
            "cidr_block": "172.31.80.0/20",
            "customer_owned_ipv4_pool": "",
            "enable_dns64": false,
            "enable_resource_name_dns_a_record_on_launch": false,
            "enable_resource_name_dns_aaaa_record_on_launch": false,
            "id": "subnet-022c8a6b6030d8997",
            "ipv6_cidr_block": "",
            "ipv6_cidr_block_association_id": "",
            "ipv6_native": false,
            "map_customer_owned_ip_on_launch": false,
            "map_public_ip_on_launch": false,
            "outpost_arn": "",
            "owner_id": "647005920903",
            "private_dns_hostname_type_on_launch": "ip-name",
            "tags": {
              "Name": "ap-southeast-1c-private-subnet",
              "Type": "private"
            },
            "tags_all": {
              "Name": "ap-southeast-1c-private-subnet",
              "Type": "private"
            },
            "timeouts": null,
            "vpc_id": "vpc-0f39324a20b50edf6"
          },
          "sensitive_attributes": [],
          "private": "eyJlMmJmYjczMC1lY2FhLTExZTYtOGY4OC0zNDM2M2JjN2M0YzAiOnsiY3JlYXRlIjo2MDAwMDAwMDAwMDAsImRlbGV0ZSI6MTIwMDAwMDAwMDAwMH0sInNjaGVtYV92ZXJzaW9uIjoiMSJ9",
          "dependencies": [
            "data.aws_subnet.public_subnets",
            "data.aws_subnets.all_subnets",
            "data.aws_subnets.private_subnets",
            "data.aws_vpc.default"
          ],
          "create_before_destroy": true
        }
      ]
    },
    {
      "module": "module.s3_1",
      "mode": "managed",
      "type": "aws_s3_bucket",
      "name": "bucket",
      "provider": "provider[\"registry.terraform.io/hashicorp/aws\"]",
      "instances": [
        {
          "schema_version": 0,
          "attributes": {
            "acceleration_status": "",
            "acl": null,
            "arn": "arn:aws:s3:::ap-southeast-1-demo-counter-s3-bucket",
            "bucket": "ap-southeast-1-demo-counter-s3-bucket",
            "bucket_domain_name": "ap-southeast-1-demo-counter-s3-bucket.s3.amazonaws.com",
            "bucket_prefix": null,
            "bucket_regional_domain_name": "ap-southeast-1-demo-counter-s3-bucket.s3.ap-southeast-1.amazonaws.com",
            "cors_rule": [],
            "force_destroy": false,
            "grant": [
              {
                "id": "c98f84c6dd6224185e3fddbcd8c6e2e6ddc63b6fe515e380b01ed4ad6adff701",
                "permissions": [
                  "FULL_CONTROL"
                ],
                "type": "CanonicalUser",
                "uri": ""
              }
            ],
            "hosted_zone_id": "Z3O0J2DXBE1FTB",
            "id": "ap-southeast-1-demo-counter-s3-bucket",
            "lifecycle_rule": [],
            "logging": [],
            "object_lock_configuration": [],
            "object_lock_enabled": false,
            "policy": "",
            "region": "ap-southeast-1",
            "replication_configuration": [],
            "request_payer": "BucketOwner",
            "server_side_encryption_configuration": [],
            "tags": {},
            "tags_all": {},
            "timeouts": null,
            "versioning": [
              {
                "enabled": false,
                "mfa_delete": false
              }
            ],
            "website": [],
            "website_domain": null,
            "website_endpoint": null
          },
          "sensitive_attributes": []
        }
      ]
    }
  ]
}
